// !$*UTF8*$!
{
	archiveVersion = 1;
	classes = {
	};
	objectVersion = 50;
	objects = {

/* Begin PBXBuildFile section */
		CB1C841C23594085008EEEA0 /* AddNewLocationVC.swift in Sources */ = {isa = PBXBuildFile; fileRef = CB1C841B23594085008EEEA0 /* AddNewLocationVC.swift */; };
		CB1C841E235953FF008EEEA0 /* NewLocationMapVC.swift in Sources */ = {isa = PBXBuildFile; fileRef = CB1C841D235953FF008EEEA0 /* NewLocationMapVC.swift */; };
		CB80FC8E235B81240072F225 /* StudentListVC.swift in Sources */ = {isa = PBXBuildFile; fileRef = CB80FC8D235B81240072F225 /* StudentListVC.swift */; };
		CB80FC90235B89270072F225 /* ShowErrorVC.swift in Sources */ = {isa = PBXBuildFile; fileRef = CB80FC8F235B89270072F225 /* ShowErrorVC.swift */; };
		CB9B22332359162E0016DDB4 /* StudentLocationModel.swift in Sources */ = {isa = PBXBuildFile; fileRef = CB9B22322359162E0016DDB4 /* StudentLocationModel.swift */; };
		CBD80770235A2EC900DC4FA1 /* PostStudentLocation.swift in Sources */ = {isa = PBXBuildFile; fileRef = CBD8076F235A2EC900DC4FA1 /* PostStudentLocation.swift */; };
		CBD80772235A46DC00DC4FA1 /* PutSLResponse.swift in Sources */ = {isa = PBXBuildFile; fileRef = CBD80771235A46DC00DC4FA1 /* PutSLResponse.swift */; };
		CBD80774235A4A1D00DC4FA1 /* UserUpdate.swift in Sources */ = {isa = PBXBuildFile; fileRef = CBD80773235A4A1D00DC4FA1 /* UserUpdate.swift */; };
		CBE042AC2357FC9400621358 /* StudentResponse.swift in Sources */ = {isa = PBXBuildFile; fileRef = CBE042AB2357FC9400621358 /* StudentResponse.swift */; };
		CBF10FD22358FDAD005E8439 /* MapClient.swift in Sources */ = {isa = PBXBuildFile; fileRef = CBF10FD12358FDAD005E8439 /* MapClient.swift */; };
		CBF10FD42358FF97005E8439 /* LoginRequest.swift in Sources */ = {isa = PBXBuildFile; fileRef = CBF10FD32358FF97005E8439 /* LoginRequest.swift */; };
		CBF10FD92359037E005E8439 /* LoginResponse.swift in Sources */ = {isa = PBXBuildFile; fileRef = CBF10FD82359037E005E8439 /* LoginResponse.swift */; };
		CBF10FDB235903AD005E8439 /* Account.swift in Sources */ = {isa = PBXBuildFile; fileRef = CBF10FDA235903AD005E8439 /* Account.swift */; };
		CBF10FDD235903CC005E8439 /* Session.swift in Sources */ = {isa = PBXBuildFile; fileRef = CBF10FDC235903CC005E8439 /* Session.swift */; };
		CBF10FE323591490005E8439 /* MapVC.swift in Sources */ = {isa = PBXBuildFile; fileRef = CBF10FE223591490005E8439 /* MapVC.swift */; };
		CBFFDF442357E309000C523F /* AppDelegate.swift in Sources */ = {isa = PBXBuildFile; fileRef = CBFFDF432357E309000C523F /* AppDelegate.swift */; };
		CBFFDF462357E309000C523F /* SceneDelegate.swift in Sources */ = {isa = PBXBuildFile; fileRef = CBFFDF452357E309000C523F /* SceneDelegate.swift */; };
		CBFFDF4B2357E309000C523F /* Main.storyboard in Resources */ = {isa = PBXBuildFile; fileRef = CBFFDF492357E309000C523F /* Main.storyboard */; };
		CBFFDF4D2357E30A000C523F /* Assets.xcassets in Resources */ = {isa = PBXBuildFile; fileRef = CBFFDF4C2357E30A000C523F /* Assets.xcassets */; };
		CBFFDF502357E30A000C523F /* LaunchScreen.storyboard in Resources */ = {isa = PBXBuildFile; fileRef = CBFFDF4E2357E30A000C523F /* LaunchScreen.storyboard */; };
		CBFFDF5B2357E42A000C523F /* LoginVC.swift in Sources */ = {isa = PBXBuildFile; fileRef = CBFFDF5A2357E42A000C523F /* LoginVC.swift */; };
		CBFFDF5E2357E754000C523F /* StudentInformation.swift in Sources */ = {isa = PBXBuildFile; fileRef = CBFFDF5D2357E754000C523F /* StudentInformation.swift */; };
/* End PBXBuildFile section */

/* Begin PBXFileReference section */
		CB1C841B23594085008EEEA0 /* AddNewLocationVC.swift */ = {isa = PBXFileReference; lastKnownFileType = sourcecode.swift; path = AddNewLocationVC.swift; sourceTree = "<group>"; };
		CB1C841D235953FF008EEEA0 /* NewLocationMapVC.swift */ = {isa = PBXFileReference; lastKnownFileType = sourcecode.swift; path = NewLocationMapVC.swift; sourceTree = "<group>"; };
		CB80FC8D235B81240072F225 /* StudentListVC.swift */ = {isa = PBXFileReference; lastKnownFileType = sourcecode.swift; path = StudentListVC.swift; sourceTree = "<group>"; };
		CB80FC8F235B89270072F225 /* ShowErrorVC.swift */ = {isa = PBXFileReference; lastKnownFileType = sourcecode.swift; path = ShowErrorVC.swift; sourceTree = "<group>"; };
		CB9B22322359162E0016DDB4 /* StudentLocationModel.swift */ = {isa = PBXFileReference; lastKnownFileType = sourcecode.swift; path = StudentLocationModel.swift; sourceTree = "<group>"; };
		CBD8076F235A2EC900DC4FA1 /* PostStudentLocation.swift */ = {isa = PBXFileReference; lastKnownFileType = sourcecode.swift; path = PostStudentLocation.swift; sourceTree = "<group>"; };
		CBD80771235A46DC00DC4FA1 /* PutSLResponse.swift */ = {isa = PBXFileReference; lastKnownFileType = sourcecode.swift; path = PutSLResponse.swift; sourceTree = "<group>"; };
		CBD80773235A4A1D00DC4FA1 /* UserUpdate.swift */ = {isa = PBXFileReference; lastKnownFileType = sourcecode.swift; path = UserUpdate.swift; sourceTree = "<group>"; };
		CBE042AB2357FC9400621358 /* StudentResponse.swift */ = {isa = PBXFileReference; lastKnownFileType = sourcecode.swift; path = StudentResponse.swift; sourceTree = "<group>"; };
		CBF10FD12358FDAD005E8439 /* MapClient.swift */ = {isa = PBXFileReference; lastKnownFileType = sourcecode.swift; path = MapClient.swift; sourceTree = "<group>"; };
		CBF10FD32358FF97005E8439 /* LoginRequest.swift */ = {isa = PBXFileReference; lastKnownFileType = sourcecode.swift; path = LoginRequest.swift; sourceTree = "<group>"; };
		CBF10FD82359037E005E8439 /* LoginResponse.swift */ = {isa = PBXFileReference; lastKnownFileType = sourcecode.swift; path = LoginResponse.swift; sourceTree = "<group>"; };
		CBF10FDA235903AD005E8439 /* Account.swift */ = {isa = PBXFileReference; lastKnownFileType = sourcecode.swift; path = Account.swift; sourceTree = "<group>"; };
		CBF10FDC235903CC005E8439 /* Session.swift */ = {isa = PBXFileReference; lastKnownFileType = sourcecode.swift; path = Session.swift; sourceTree = "<group>"; };
		CBF10FE223591490005E8439 /* MapVC.swift */ = {isa = PBXFileReference; lastKnownFileType = sourcecode.swift; path = MapVC.swift; sourceTree = "<group>"; };
		CBFFDF402357E309000C523F /* OnTheMap.app */ = {isa = PBXFileReference; explicitFileType = wrapper.application; includeInIndex = 0; path = OnTheMap.app; sourceTree = BUILT_PRODUCTS_DIR; };
		CBFFDF432357E309000C523F /* AppDelegate.swift */ = {isa = PBXFileReference; lastKnownFileType = sourcecode.swift; path = AppDelegate.swift; sourceTree = "<group>"; };
		CBFFDF452357E309000C523F /* SceneDelegate.swift */ = {isa = PBXFileReference; lastKnownFileType = sourcecode.swift; path = SceneDelegate.swift; sourceTree = "<group>"; };
		CBFFDF4A2357E309000C523F /* Base */ = {isa = PBXFileReference; lastKnownFileType = file.storyboard; name = Base; path = Base.lproj/Main.storyboard; sourceTree = "<group>"; };
		CBFFDF4C2357E30A000C523F /* Assets.xcassets */ = {isa = PBXFileReference; lastKnownFileType = folder.assetcatalog; path = Assets.xcassets; sourceTree = "<group>"; };
		CBFFDF4F2357E30A000C523F /* Base */ = {isa = PBXFileReference; lastKnownFileType = file.storyboard; name = Base; path = Base.lproj/LaunchScreen.storyboard; sourceTree = "<group>"; };
		CBFFDF512357E30A000C523F /* Info.plist */ = {isa = PBXFileReference; lastKnownFileType = text.plist.xml; path = Info.plist; sourceTree = "<group>"; };
		CBFFDF5A2357E42A000C523F /* LoginVC.swift */ = {isa = PBXFileReference; lastKnownFileType = sourcecode.swift; path = LoginVC.swift; sourceTree = "<group>"; };
		CBFFDF5D2357E754000C523F /* StudentInformation.swift */ = {isa = PBXFileReference; lastKnownFileType = sourcecode.swift; path = StudentInformation.swift; sourceTree = "<group>"; };
/* End PBXFileReference section */

/* Begin PBXFrameworksBuildPhase section */
		CBFFDF3D2357E309000C523F /* Frameworks */ = {
			isa = PBXFrameworksBuildPhase;
			buildActionMask = 2147483647;
			files = (
			);
			runOnlyForDeploymentPostprocessing = 0;
		};
/* End PBXFrameworksBuildPhase section */

/* Begin PBXGroup section */
		CBF10FD02358FD94005E8439 /* Client */ = {
			isa = PBXGroup;
			children = (
				CBF10FD12358FDAD005E8439 /* MapClient.swift */,
			);
			path = Client;
			sourceTree = "<group>";
		};
		CBF10FD723590027005E8439 /* Requests */ = {
			isa = PBXGroup;
			children = (
				CBF10FD32358FF97005E8439 /* LoginRequest.swift */,
			);
			path = Requests;
			sourceTree = "<group>";
		};
		CBFFDF372357E309000C523F = {
			isa = PBXGroup;
			children = (
				CBFFDF422357E309000C523F /* OnTheMap */,
				CBFFDF412357E309000C523F /* Products */,
			);
			sourceTree = "<group>";
		};
		CBFFDF412357E309000C523F /* Products */ = {
			isa = PBXGroup;
			children = (
				CBFFDF402357E309000C523F /* OnTheMap.app */,
			);
			name = Products;
			sourceTree = "<group>";
		};
		CBFFDF422357E309000C523F /* OnTheMap */ = {
			isa = PBXGroup;
			children = (
				CBFFDF432357E309000C523F /* AppDelegate.swift */,
				CBFFDF452357E309000C523F /* SceneDelegate.swift */,
				CBFFDF512357E30A000C523F /* Info.plist */,
				CBFFDF592357E3F9000C523F /* Controllers */,
				CBFFDF582357E3EA000C523F /* Assets */,
				CBF10FD02358FD94005E8439 /* Client */,
				CBFFDF572357E3E6000C523F /* Data */,
			);
			path = OnTheMap;
			sourceTree = "<group>";
		};
		CBFFDF572357E3E6000C523F /* Data */ = {
			isa = PBXGroup;
			children = (
				CB9B22322359162E0016DDB4 /* StudentLocationModel.swift */,
				CBF10FD723590027005E8439 /* Requests */,
				CBFFDF5C2357E745000C523F /* Responses */,
			);
			path = Data;
			sourceTree = "<group>";
		};
		CBFFDF582357E3EA000C523F /* Assets */ = {
			isa = PBXGroup;
			children = (
				CBFFDF492357E309000C523F /* Main.storyboard */,
				CBFFDF4C2357E30A000C523F /* Assets.xcassets */,
				CBFFDF4E2357E30A000C523F /* LaunchScreen.storyboard */,
			);
			path = Assets;
			sourceTree = "<group>";
		};
		CBFFDF592357E3F9000C523F /* Controllers */ = {
			isa = PBXGroup;
			children = (
				CBFFDF5A2357E42A000C523F /* LoginVC.swift */,
				CBF10FE223591490005E8439 /* MapVC.swift */,
				CB1C841B23594085008EEEA0 /* AddNewLocationVC.swift */,
				CB1C841D235953FF008EEEA0 /* NewLocationMapVC.swift */,
				CB80FC8D235B81240072F225 /* StudentListVC.swift */,
				CB80FC8F235B89270072F225 /* ShowErrorVC.swift */,
			);
			path = Controllers;
			sourceTree = "<group>";
		};
		CBFFDF5C2357E745000C523F /* Responses */ = {
			isa = PBXGroup;
			children = (
				CBFFDF5D2357E754000C523F /* StudentInformation.swift */,
				CBE042AB2357FC9400621358 /* StudentResponse.swift */,
				CBF10FD82359037E005E8439 /* LoginResponse.swift */,
				CBF10FDA235903AD005E8439 /* Account.swift */,
				CBF10FDC235903CC005E8439 /* Session.swift */,
				CBD8076F235A2EC900DC4FA1 /* PostStudentLocation.swift */,
				CBD80771235A46DC00DC4FA1 /* PutSLResponse.swift */,
				CBD80773235A4A1D00DC4FA1 /* UserUpdate.swift */,
			);
			path = Responses;
			sourceTree = "<group>";
		};
/* End PBXGroup section */

/* Begin PBXNativeTarget section */
		CBFFDF3F2357E309000C523F /* OnTheMap */ = {
			isa = PBXNativeTarget;
			buildConfigurationList = CBFFDF542357E30A000C523F /* Build configuration list for PBXNativeTarget "OnTheMap" */;
			buildPhases = (
				CBFFDF3C2357E309000C523F /* Sources */,
				CBFFDF3D2357E309000C523F /* Frameworks */,
				CBFFDF3E2357E309000C523F /* Resources */,
			);
			buildRules = (
			);
			dependencies = (
			);
			name = OnTheMap;
			productName = OnTheMap;
			productReference = CBFFDF402357E309000C523F /* OnTheMap.app */;
			productType = "com.apple.product-type.application";
		};
/* End PBXNativeTarget section */

/* Begin PBXProject section */
		CBFFDF382357E309000C523F /* Project object */ = {
			isa = PBXProject;
			attributes = {
				LastSwiftUpdateCheck = 1100;
				LastUpgradeCheck = 1100;
				ORGANIZATIONNAME = PALIY;
				TargetAttributes = {
					CBFFDF3F2357E309000C523F = {
						CreatedOnToolsVersion = 11.0;
					};
				};
			};
			buildConfigurationList = CBFFDF3B2357E309000C523F /* Build configuration list for PBXProject "OnTheMap" */;
			compatibilityVersion = "Xcode 9.3";
			developmentRegion = en;
			hasScannedForEncodings = 0;
			knownRegions = (
				en,
				Base,
			);
			mainGroup = CBFFDF372357E309000C523F;
			productRefGroup = CBFFDF412357E309000C523F /* Products */;
			projectDirPath = "";
			projectRoot = "";
			targets = (
				CBFFDF3F2357E309000C523F /* OnTheMap */,
			);
		};
/* End PBXProject section */

/* Begin PBXResourcesBuildPhase section */
		CBFFDF3E2357E309000C523F /* Resources */ = {
			isa = PBXResourcesBuildPhase;
			buildActionMask = 2147483647;
			files = (
				CBFFDF502357E30A000C523F /* LaunchScreen.storyboard in Resources */,
				CBFFDF4D2357E30A000C523F /* Assets.xcassets in Resources */,
				CBFFDF4B2357E309000C523F /* Main.storyboard in Resources */,
			);
			runOnlyForDeploymentPostprocessing = 0;
		};
/* End PBXResourcesBuildPhase section */

/* Begin PBXSourcesBuildPhase section */
		CBFFDF3C2357E309000C523F /* Sources */ = {
			isa = PBXSourcesBuildPhase;
			buildActionMask = 2147483647;
			files = (
				CBF10FDD235903CC005E8439 /* Session.swift in Sources */,
				CBF10FE323591490005E8439 /* MapVC.swift in Sources */,
				CBE042AC2357FC9400621358 /* StudentResponse.swift in Sources */,
				CBF10FD22358FDAD005E8439 /* MapClient.swift in Sources */,
				CBFFDF5E2357E754000C523F /* StudentInformation.swift in Sources */,
				CBD80772235A46DC00DC4FA1 /* PutSLResponse.swift in Sources */,
				CB80FC90235B89270072F225 /* ShowErrorVC.swift in Sources */,
				CBFFDF442357E309000C523F /* AppDelegate.swift in Sources */,
				CBFFDF462357E309000C523F /* SceneDelegate.swift in Sources */,
				CBF10FDB235903AD005E8439 /* Account.swift in Sources */,
				CB9B22332359162E0016DDB4 /* StudentLocationModel.swift in Sources */,
				CB1C841E235953FF008EEEA0 /* NewLocationMapVC.swift in Sources */,
				CBF10FD42358FF97005E8439 /* LoginRequest.swift in Sources */,
				CBD80770235A2EC900DC4FA1 /* PostStudentLocation.swift in Sources */,
				CBF10FD92359037E005E8439 /* LoginResponse.swift in Sources */,
				CB80FC8E235B81240072F225 /* StudentListVC.swift in Sources */,
				CBD80774235A4A1D00DC4FA1 /* UserUpdate.swift in Sources */,
				CB1C841C23594085008EEEA0 /* AddNewLocationVC.swift in Sources */,
				CBFFDF5B2357E42A000C523F /* LoginVC.swift in Sources */,
			);
			runOnlyForDeploymentPostprocessing = 0;
		};
/* End PBXSourcesBuildPhase section */

/* Begin PBXVariantGroup section */
		CBFFDF492357E309000C523F /* Main.storyboard */ = {
			isa = PBXVariantGroup;
			children = (
				CBFFDF4A2357E309000C523F /* Base */,
			);
			name = Main.storyboard;
			sourceTree = "<group>";
		};
		CBFFDF4E2357E30A000C523F /* LaunchScreen.storyboard */ = {
			isa = PBXVariantGroup;
			children = (
				CBFFDF4F2357E30A000C523F /* Base */,
			);
			name = LaunchScreen.storyboard;
			sourceTree = "<group>";
		};
/* End PBXVariantGroup section */

/* Begin XCBuildConfiguration section */
		CBFFDF522357E30A000C523F /* Debug */ = {
			isa = XCBuildConfiguration;
			buildSettings = {
				ALWAYS_SEARCH_USER_PATHS = NO;
				CLANG_ANALYZER_NONNULL = YES;
				CLANG_ANALYZER_NUMBER_OBJECT_CONVERSION = YES_AGGRESSIVE;
				CLANG_CXX_LANGUAGE_STANDARD = "gnu++14";
				CLANG_CXX_LIBRARY = "libc++";
				CLANG_ENABLE_MODULES = YES;
				CLANG_ENABLE_OBJC_ARC = YES;
				CLANG_ENABLE_OBJC_WEAK = YES;
				CLANG_WARN_BLOCK_CAPTURE_AUTORELEASING = YES;
				CLANG_WARN_BOOL_CONVERSION = YES;
				CLANG_WARN_COMMA = YES;
				CLANG_WARN_CONSTANT_CONVERSION = YES;
				CLANG_WARN_DEPRECATED_OBJC_IMPLEMENTATIONS = YES;
				CLANG_WARN_DIRECT_OBJC_ISA_USAGE = YES_ERROR;
				CLANG_WARN_DOCUMENTATION_COMMENTS = YES;
				CLANG_WARN_EMPTY_BODY = YES;
				CLANG_WARN_ENUM_CONVERSION = YES;
				CLANG_WARN_INFINITE_RECURSION = YES;
				CLANG_WARN_INT_CONVERSION = YES;
				CLANG_WARN_NON_LITERAL_NULL_CONVERSION = YES;
				CLANG_WARN_OBJC_IMPLICIT_RETAIN_SELF = YES;
				CLANG_WARN_OBJC_LITERAL_CONVERSION = YES;
				CLANG_WARN_OBJC_ROOT_CLASS = YES_ERROR;
				CLANG_WARN_RANGE_LOOP_ANALYSIS = YES;
				CLANG_WARN_STRICT_PROTOTYPES = YES;
				CLANG_WARN_SUSPICIOUS_MOVE = YES;
				CLANG_WARN_UNGUARDED_AVAILABILITY = YES_AGGRESSIVE;
				CLANG_WARN_UNREACHABLE_CODE = YES;
				CLANG_WARN__DUPLICATE_METHOD_MATCH = YES;
				COPY_PHASE_STRIP = NO;
				DEBUG_INFORMATION_FORMAT = dwarf;
				ENABLE_STRICT_OBJC_MSGSEND = YES;
				ENABLE_TESTABILITY = YES;
				GCC_C_LANGUAGE_STANDARD = gnu11;
				GCC_DYNAMIC_NO_PIC = NO;
				GCC_NO_COMMON_BLOCKS = YES;
				GCC_OPTIMIZATION_LEVEL = 0;
				GCC_PREPROCESSOR_DEFINITIONS = (
					"DEBUG=1",
					"$(inherited)",
				);
				GCC_WARN_64_TO_32_BIT_CONVERSION = YES;
				GCC_WARN_ABOUT_RETURN_TYPE = YES_ERROR;
				GCC_WARN_UNDECLARED_SELECTOR = YES;
				GCC_WARN_UNINITIALIZED_AUTOS = YES_AGGRESSIVE;
				GCC_WARN_UNUSED_FUNCTION = YES;
				GCC_WARN_UNUSED_VARIABLE = YES;
				IPHONEOS_DEPLOYMENT_TARGET = 13.0;
				MTL_ENABLE_DEBUG_INFO = INCLUDE_SOURCE;
				MTL_FAST_MATH = YES;
				ONLY_ACTIVE_ARCH = YES;
				SDKROOT = iphoneos;
				SWIFT_ACTIVE_COMPILATION_CONDITIONS = DEBUG;
				SWIFT_OPTIMIZATION_LEVEL = "-Onone";
			};
			name = Debug;
		};
		CBFFDF532357E30A000C523F /* Release */ = {
			isa = XCBuildConfiguration;
			buildSettings = {
				ALWAYS_SEARCH_USER_PATHS = NO;
				CLANG_ANALYZER_NONNULL = YES;
				CLANG_ANALYZER_NUMBER_OBJECT_CONVERSION = YES_AGGRESSIVE;
				CLANG_CXX_LANGUAGE_STANDARD = "gnu++14";
				CLANG_CXX_LIBRARY = "libc++";
				CLANG_ENABLE_MODULES = YES;
				CLANG_ENABLE_OBJC_ARC = YES;
				CLANG_ENABLE_OBJC_WEAK = YES;
				CLANG_WARN_BLOCK_CAPTURE_AUTORELEASING = YES;
				CLANG_WARN_BOOL_CONVERSION = YES;
				CLANG_WARN_COMMA = YES;
				CLANG_WARN_CONSTANT_CONVERSION = YES;
				CLANG_WARN_DEPRECATED_OBJC_IMPLEMENTATIONS = YES;
				CLANG_WARN_DIRECT_OBJC_ISA_USAGE = YES_ERROR;
				CLANG_WARN_DOCUMENTATION_COMMENTS = YES;
				CLANG_WARN_EMPTY_BODY = YES;
				CLANG_WARN_ENUM_CONVERSION = YES;
				CLANG_WARN_INFINITE_RECURSION = YES;
				CLANG_WARN_INT_CONVERSION = YES;
				CLANG_WARN_NON_LITERAL_NULL_CONVERSION = YES;
				CLANG_WARN_OBJC_IMPLICIT_RETAIN_SELF = YES;
				CLANG_WARN_OBJC_LITERAL_CONVERSION = YES;
				CLANG_WARN_OBJC_ROOT_CLASS = YES_ERROR;
				CLANG_WARN_RANGE_LOOP_ANALYSIS = YES;
				CLANG_WARN_STRICT_PROTOTYPES = YES;
				CLANG_WARN_SUSPICIOUS_MOVE = YES;
				CLANG_WARN_UNGUARDED_AVAILABILITY = YES_AGGRESSIVE;
				CLANG_WARN_UNREACHABLE_CODE = YES;
				CLANG_WARN__DUPLICATE_METHOD_MATCH = YES;
				COPY_PHASE_STRIP = NO;
				DEBUG_INFORMATION_FORMAT = "dwarf-with-dsym";
				ENABLE_NS_ASSERTIONS = NO;
				ENABLE_STRICT_OBJC_MSGSEND = YES;
				GCC_C_LANGUAGE_STANDARD = gnu11;
				GCC_NO_COMMON_BLOCKS = YES;
				GCC_WARN_64_TO_32_BIT_CONVERSION = YES;
				GCC_WARN_ABOUT_RETURN_TYPE = YES_ERROR;
				GCC_WARN_UNDECLARED_SELECTOR = YES;
				GCC_WARN_UNINITIALIZED_AUTOS = YES_AGGRESSIVE;
				GCC_WARN_UNUSED_FUNCTION = YES;
				GCC_WARN_UNUSED_VARIABLE = YES;
				IPHONEOS_DEPLOYMENT_TARGET = 13.0;
				MTL_ENABLE_DEBUG_INFO = NO;
				MTL_FAST_MATH = YES;
				SDKROOT = iphoneos;
				SWIFT_COMPILATION_MODE = wholemodule;
				SWIFT_OPTIMIZATION_LEVEL = "-O";
				VALIDATE_PRODUCT = YES;
			};
			name = Release;
		};
		CBFFDF552357E30A000C523F /* Debug */ = {
			isa = XCBuildConfiguration;
			buildSettings = {
				ASSETCATALOG_COMPILER_APPICON_NAME = AppIcon;
				CODE_SIGN_STYLE = Automatic;
				DEVELOPMENT_TEAM = X55KGS25BS;
				INFOPLIST_FILE = OnTheMap/Info.plist;
				LD_RUNPATH_SEARCH_PATHS = (
					"$(inherited)",
					"@executable_path/Frameworks",
				);
				PRODUCT_BUNDLE_IDENTIFIER = com.VitaliyPaliy.OnTheMap;
				PRODUCT_NAME = "$(TARGET_NAME)";
				SWIFT_VERSION = 5.0;
				TARGETED_DEVICE_FAMILY = "1,2";
			};
			name = Debug;
		};
		CBFFDF562357E30A000C523F /* Release */ = {
			isa = XCBuildConfiguration;
			buildSettings = {
				ASSETCATALOG_COMPILER_APPICON_NAME = AppIcon;
				CODE_SIGN_STYLE = Automatic;
				DEVELOPMENT_TEAM = X55KGS25BS;
				INFOPLIST_FILE = OnTheMap/Info.plist;
				LD_RUNPATH_SEARCH_PATHS = (
					"$(inherited)",
					"@executable_path/Frameworks",
				);
				PRODUCT_BUNDLE_IDENTIFIER = com.VitaliyPaliy.OnTheMap;
				PRODUCT_NAME = "$(TARGET_NAME)";
				SWIFT_VERSION = 5.0;
				TARGETED_DEVICE_FAMILY = "1,2";
			};
			name = Release;
		};
/* End XCBuildConfiguration section */

/* Begin XCConfigurationList section */
		CBFFDF3B2357E309000C523F /* Build configuration list for PBXProject "OnTheMap" */ = {
			isa = XCConfigurationList;
			buildConfigurations = (
				CBFFDF522357E30A000C523F /* Debug */,
				CBFFDF532357E30A000C523F /* Release */,
			);
			defaultConfigurationIsVisible = 0;
			defaultConfigurationName = Release;
		};
		CBFFDF542357E30A000C523F /* Build configuration list for PBXNativeTarget "OnTheMap" */ = {
			isa = XCConfigurationList;
			buildConfigurations = (
				CBFFDF552357E30A000C523F /* Debug */,
				CBFFDF562357E30A000C523F /* Release */,
			);
			defaultConfigurationIsVisible = 0;
			defaultConfigurationName = Release;
		};
/* End XCConfigurationList section */
	};
	rootObject = CBFFDF382357E309000C523F /* Project object */;
}
